# This file is automatically @generated by Cargo.
# It is not intended for manual editing.
version = 4

[[package]]
name = "wotail-api-c2"
version = "0.1.0"

[[package]]
name = "wotail-api-tailscale"
version = "0.1.0"

[[package]]
name = "wotail-api-wolbot"
version = "0.1.0"

[[package]]
name = "wotail-c2"
version = "0.1.0"

[[package]]
name = "wotail-cli"
version = "0.1.0"

[[package]]
name = "wotail-lib"
version = "0.1.0"

[[package]]
name = "wotail-wol"
version = "0.1.0"

[[package]]
name = "wotail-wolbot"
version = "0.1.0"
